
Microsoft Visual Studio Solution File, Format Version 12.00
# Visual Studio 2013
VisualStudioVersion = 12.0.30501.0
MinimumVisualStudioVersion = 10.0.40219.1
Project("{9092AA53-FB77-4645-B42D-1CCCA6BD08BD}") = "harbinger", "harbinger.njsproj", "{2D105F9B-4B3E-4885-B52E-79856DC4B87D}"
EndProject
Global
	GlobalSection(SolutionConfigurationPlatforms) = preSolution
		Debug|Any CPU = Debug|Any CPU
		Release|Any CPU = Release|Any CPU
	EndGlobalSection
	GlobalSection(ProjectConfigurationPlatforms) = postSolution
		{2D105F9B-4B3E-4885-B52E-79856DC4B87D}.Debug|Any CPU.ActiveCfg = Debug|Any CPU
		{2D105F9B-4B3E-4885-B52E-79856DC4B87D}.Debug|Any CPU.Build.0 = Debug|Any CPU
		{2D105F9B-4B3E-4885-B52E-79856DC4B87D}.Release|Any CPU.ActiveCfg = Release|Any CPU
		{2D105F9B-4B3E-4885-B52E-79856DC4B87D}.Release|Any CPU.Build.0 = Release|Any CPU
	EndGlobalSection
	GlobalSection(SolutionProperties) = preSolution
		HideSolutionNode = FALSE
	EndGlobalSection
EndGlobal
